
Microsoft Visual Studio Solution File, Format Version 12.00
# Visual Studio 15
VisualStudioVersion = 15.0.28010.0
MinimumVisualStudioVersion = 10.0.40219.1
Project("{FAE04EC0-301F-11D3-BF4B-00C04F79EFBC}") = "Utility", "Utility\Utility.csproj", "{694A6F68-8A06-44C7-8819-9701C6C874A0}"
EndProject
Project("{FAE04EC0-301F-11D3-BF4B-00C04F79EFBC}") = "ConsoleTest", "ConsoleTest\ConsoleTest.csproj", "{8A4BC545-0E4F-4CE0-963A-2B7E992CDC4E}"
EndProject
Project("{FAE04EC0-301F-11D3-BF4B-00C04F79EFBC}") = "DAL", "DAL\DAL.csproj", "{C1394E5C-0C9C-45B1-8877-184C7B3FFF93}"
EndProject
Project("{FAE04EC0-301F-11D3-BF4B-00C04F79EFBC}") = "NtripForward", "NtripForward\NtripForward.csproj", "{B711D83B-B565-4523-BDCC-58852BF1C281}"
EndProject
Project("{FAE04EC0-301F-11D3-BF4B-00C04F79EFBC}") = "WebApi", "WebApi\WebApi.csproj", "{39782FC5-5546-450F-BFA2-DFAD4B71659A}"
EndProject
Global
	GlobalSection(SolutionConfigurationPlatforms) = preSolution
		Debug|Any CPU = Debug|Any CPU
		Release|Any CPU = Release|Any CPU
	EndGlobalSection
	GlobalSection(ProjectConfigurationPlatforms) = postSolution
		{694A6F68-8A06-44C7-8819-9701C6C874A0}.Debug|Any CPU.ActiveCfg = Debug|Any CPU
		{694A6F68-8A06-44C7-8819-9701C6C874A0}.Debug|Any CPU.Build.0 = Debug|Any CPU
		{694A6F68-8A06-44C7-8819-9701C6C874A0}.Release|Any CPU.ActiveCfg = Release|Any CPU
		{694A6F68-8A06-44C7-8819-9701C6C874A0}.Release|Any CPU.Build.0 = Release|Any CPU
		{8A4BC545-0E4F-4CE0-963A-2B7E992CDC4E}.Debug|Any CPU.ActiveCfg = Debug|Any CPU
		{8A4BC545-0E4F-4CE0-963A-2B7E992CDC4E}.Debug|Any CPU.Build.0 = Debug|Any CPU
		{8A4BC545-0E4F-4CE0-963A-2B7E992CDC4E}.Release|Any CPU.ActiveCfg = Release|Any CPU
		{8A4BC545-0E4F-4CE0-963A-2B7E992CDC4E}.Release|Any CPU.Build.0 = Release|Any CPU
		{C1394E5C-0C9C-45B1-8877-184C7B3FFF93}.Debug|Any CPU.ActiveCfg = Debug|Any CPU
		{C1394E5C-0C9C-45B1-8877-184C7B3FFF93}.Debug|Any CPU.Build.0 = Debug|Any CPU
		{C1394E5C-0C9C-45B1-8877-184C7B3FFF93}.Release|Any CPU.ActiveCfg = Release|Any CPU
		{C1394E5C-0C9C-45B1-8877-184C7B3FFF93}.Release|Any CPU.Build.0 = Release|Any CPU
		{B711D83B-B565-4523-BDCC-58852BF1C281}.Debug|Any CPU.ActiveCfg = Debug|Any CPU
		{B711D83B-B565-4523-BDCC-58852BF1C281}.Debug|Any CPU.Build.0 = Debug|Any CPU
		{B711D83B-B565-4523-BDCC-58852BF1C281}.Release|Any CPU.ActiveCfg = Release|Any CPU
		{B711D83B-B565-4523-BDCC-58852BF1C281}.Release|Any CPU.Build.0 = Release|Any CPU
		{39782FC5-5546-450F-BFA2-DFAD4B71659A}.Debug|Any CPU.ActiveCfg = Debug|Any CPU
		{39782FC5-5546-450F-BFA2-DFAD4B71659A}.Debug|Any CPU.Build.0 = Debug|Any CPU
		{39782FC5-5546-450F-BFA2-DFAD4B71659A}.Release|Any CPU.ActiveCfg = Release|Any CPU
		{39782FC5-5546-450F-BFA2-DFAD4B71659A}.Release|Any CPU.Build.0 = Release|Any CPU
	EndGlobalSection
	GlobalSection(SolutionProperties) = preSolution
		HideSolutionNode = FALSE
	EndGlobalSection
	GlobalSection(ExtensibilityGlobals) = postSolution
		SolutionGuid = {01943166-BB52-4A38-9D8F-8D7F1A686E7C}
	EndGlobalSection
EndGlobal
